
Microsoft Visual Studio Solution File, Format Version 12.00
# Visual Studio Version 16
VisualStudioVersion = 16.0.31729.503
MinimumVisualStudioVersion = 10.0.40219.1
Project("{FAE04EC0-301F-11D3-BF4B-00C04F79EFBC}") = "TokenDistribution", "TokenDistribution\TokenDistribution.csproj", "{A6F4B8B1-55B4-4AF4-8336-F6EB8A27DD96}"
EndProject
Project("{FAE04EC0-301F-11D3-BF4B-00C04F79EFBC}") = "TokenDistribution-tests", "TokenDistribution-tests\TokenDistribution-tests.csproj", "{403E00BF-90F4-4DBA-A32B-40A91279EF61}"
EndProject
Global
	GlobalSection(SolutionConfigurationPlatforms) = preSolution
		Debug|Any CPU = Debug|Any CPU
		Release|Any CPU = Release|Any CPU
	EndGlobalSection
	GlobalSection(ProjectConfigurationPlatforms) = postSolution
		{A6F4B8B1-55B4-4AF4-8336-F6EB8A27DD96}.Debug|Any CPU.ActiveCfg = Debug|Any CPU
		{A6F4B8B1-55B4-4AF4-8336-F6EB8A27DD96}.Debug|Any CPU.Build.0 = Debug|Any CPU
		{A6F4B8B1-55B4-4AF4-8336-F6EB8A27DD96}.Release|Any CPU.ActiveCfg = Release|Any CPU
		{A6F4B8B1-55B4-4AF4-8336-F6EB8A27DD96}.Release|Any CPU.Build.0 = Release|Any CPU
		{403E00BF-90F4-4DBA-A32B-40A91279EF61}.Debug|Any CPU.ActiveCfg = Debug|Any CPU
		{403E00BF-90F4-4DBA-A32B-40A91279EF61}.Debug|Any CPU.Build.0 = Debug|Any CPU
		{403E00BF-90F4-4DBA-A32B-40A91279EF61}.Release|Any CPU.ActiveCfg = Release|Any CPU
		{403E00BF-90F4-4DBA-A32B-40A91279EF61}.Release|Any CPU.Build.0 = Release|Any CPU
	EndGlobalSection
	GlobalSection(SolutionProperties) = preSolution
		HideSolutionNode = FALSE
	EndGlobalSection
	GlobalSection(ExtensibilityGlobals) = postSolution
		SolutionGuid = {2131E279-3E6E-4819-AE65-5DA32EF4B1C2}
	EndGlobalSection
EndGlobal
